aiofiles==25.1.0
aiogram==3.30.0
aiohappyeyeballs==2.7.1
aiohttp==3.14.3
aiosignal==1.4.0
annotated-types==0.8.0
# anthropic пиновано на 0.45.0 НАМЕРЕННО, не последняя версия: начиная с
# anthropic>=0.50 требуется httpx>=0.25, а python-telegram-bot==20.3 жёстко
# требует httpx~=0.24.0 (проверено на реальном коде: httpx>=0.25 ломает
# ApplicationBuilder() в telegram_bridge.py с TypeError). anthropic==0.45.0 —
# последняя версия, которая реально (не только по метаданным) работает с
# httpx==0.24.1. Не апгрейдить anthropic без одновременного апгрейда
# python-telegram-bot (это минимум мажорный скачок 20.x -> 22.x с проверкой
# telegram_bridge.py).
anthropic==0.45.0
anyio==4.11.0
APScheduler==3.10.4
attrs==26.1.0
cachetools==5.5.2
certifi==2025.10.5
cffi==2.1.0
charset-normalizer==3.4.4
cryptography==50.0.0
deprecation==2.1.0
distro==1.9.0
frozenlist==1.8.0
google-auth==2.56.2
google-auth-oauthlib==1.4.0
grpcio==1.76.0
gspread==6.2.1
h11==0.14.0
httpcore==0.17.3
httpx==0.24.1
idna==3.11
iso8601==2.1.0
jiter==0.16.0
llvmlite==0.45.1
loguru==0.7.3
magic-filter==1.0.12
multidict==6.7.1
nest-asyncio==1.6.0
numba==0.62.1
numpy==1.26.4
oauthlib==3.3.1
packaging==25.0
pandas==2.3.3
pandas-ta @ file:./archives/pandas_ta-0.3.14b0-py3-none-any.whl#sha256=2a01c47a452add8f06f8581286587b1939c05f5a2d48af64facd0a399976189f
pandas-ta-openbb==0.4.22
patsy==1.0.2
prettytable==3.16.0
propcache==0.5.2
protobuf==4.25.8
pyasn1==0.6.4
pyasn1_modules==0.4.2
pycparser==3.0
pydantic==2.13.4
pydantic_core==2.46.4
python-dateutil==2.9.0.post0
python-dotenv==1.0.1
python-telegram-bot==20.3
pytz==2025.2
requests==2.32.5
requests-oauthlib==2.0.0
scipy==1.15.3
six==1.17.0
sniffio==1.3.1
statsmodels==0.14.5
./tinkoff-stub
tinkoff-investments @ git+https://github.com/RussianInvestments/invest-python.git@0.2.0-beta117
typing-inspection==0.4.2
typing_extensions==4.15.0
tzdata==2025.2
tzlocal==5.3.1
ujson==5.11.0
urllib3==2.5.0
wcwidth==0.2.14
websocket-client==1.9.0
yarl==1.24.5
